
Microsoft Visual Studio Solution File, Format Version 12.00
# Visual Studio Version 16
VisualStudioVersion = 16.0.31129.286
MinimumVisualStudioVersion = 10.0.40219.1
Project("{FAE04EC0-301F-11D3-BF4B-00C04F79EFBC}") = "Dvym4", "Dvym4\Dvym4.csproj", "{5FBFD5D6-6EFD-43E5-A99C-D8F2E6700E0D}"
EndProject
Global
	GlobalSection(SolutionConfigurationPlatforms) = preSolution
		Debug|Any CPU = Debug|Any CPU
		Release|Any CPU = Release|Any CPU
	EndGlobalSection
	GlobalSection(ProjectConfigurationPlatforms) = postSolution
		{5FBFD5D6-6EFD-43E5-A99C-D8F2E6700E0D}.Debug|Any CPU.ActiveCfg = Debug|Any CPU
		{5FBFD5D6-6EFD-43E5-A99C-D8F2E6700E0D}.Debug|Any CPU.Build.0 = Debug|Any CPU
		{5FBFD5D6-6EFD-43E5-A99C-D8F2E6700E0D}.Release|Any CPU.ActiveCfg = Release|Any CPU
		{5FBFD5D6-6EFD-43E5-A99C-D8F2E6700E0D}.Release|Any CPU.Build.0 = Release|Any CPU
	EndGlobalSection
	GlobalSection(SolutionProperties) = preSolution
		HideSolutionNode = FALSE
	EndGlobalSection
	GlobalSection(ExtensibilityGlobals) = postSolution
		SolutionGuid = {3A5BB7FC-FF5B-40EB-8503-96771CE0F940}
	EndGlobalSection
EndGlobal
